Microsoft Visual Studio Solution File, Format Version 12.00
# Visual Studio Version 17
VisualStudioVersion = 17.5.2.0
MinimumVisualStudioVersion = 10.0.40219.1
Project("{FAE04EC0-301F-11D3-BF4B-00C04F79EFBC}") = "DiscoverMe", "DiscoverMe\DiscoverMe.csproj", "{BF946834-3748-9B34-A1C6-9D930792B128}"
EndProject
Global
	GlobalSection(SolutionConfigurationPlatforms) = preSolution
		Debug|Any CPU = Debug|Any CPU
		Release|Any CPU = Release|Any CPU
	EndGlobalSection
	GlobalSection(ProjectConfigurationPlatforms) = postSolution
		{BF946834-3748-9B34-A1C6-9D930792B128}.Debug|Any CPU.ActiveCfg = Debug|Any CPU
		{BF946834-3748-9B34-A1C6-9D930792B128}.Debug|Any CPU.Build.0 = Debug|Any CPU
		{BF946834-3748-9B34-A1C6-9D930792B128}.Release|Any CPU.ActiveCfg = Release|Any CPU
		{BF946834-3748-9B34-A1C6-9D930792B128}.Release|Any CPU.Build.0 = Release|Any CPU
	EndGlobalSection
	GlobalSection(SolutionProperties) = preSolution
		HideSolutionNode = FALSE
	EndGlobalSection
	GlobalSection(ExtensibilityGlobals) = postSolution
		SolutionGuid = {C86F8C2B-50C5-4672-B0B9-BD1D1A67524C}
	EndGlobalSection
EndGlobal
